hash: 29e707388458757c451051c64d34636081450cc4f4c35768d69482186c91bb2b
updated: 2017-12-01T18:20:09.683248649+08:00
imports:
- name: github.com/devfeel/dotweb
  version: 650e68d4987795868b485731ec5b9ca5ab0e5e02
- name: github.com/joho/godotenv
  version: a79fa1e548e2c689c241d10173efd51e5d689d5b
testImports: []
